
Microsoft Visual Studio Solution File, Format Version 12.00
# Visual Studio Version 16
VisualStudioVersion = 16.0.30011.22
MinimumVisualStudioVersion = 10.0.40219.1
Project("{FAE04EC0-301F-11D3-BF4B-00C04F79EFBC}") = "obligatorisk opgave", "obligatorisk opgave\obligatorisk opgave.csproj", "{ACABD661-0FA9-4F50-A39D-CD2095B0A106}"
EndProject
Project("{FAE04EC0-301F-11D3-BF4B-00C04F79EFBC}") = "obligatorisk opgaveTests", "obligatorisk opgaveTests\obligatorisk opgaveTests.csproj", "{C4B78D24-D3C4-49ED-98BE-C669E5BB91DF}"
EndProject
Project("{FAE04EC0-301F-11D3-BF4B-00C04F79EFBC}") = "BicycleRest", "BicycleRest\BicycleRest.csproj", "{8CA67105-F107-4754-9DE9-04AD3AF34BD2}"
EndProject
Global
	GlobalSection(SolutionConfigurationPlatforms) = preSolution
		Debug|Any CPU = Debug|Any CPU
		Release|Any CPU = Release|Any CPU
	EndGlobalSection
	GlobalSection(ProjectConfigurationPlatforms) = postSolution
		{ACABD661-0FA9-4F50-A39D-CD2095B0A106}.Debug|Any CPU.ActiveCfg = Debug|Any CPU
		{ACABD661-0FA9-4F50-A39D-CD2095B0A106}.Debug|Any CPU.Build.0 = Debug|Any CPU
		{ACABD661-0FA9-4F50-A39D-CD2095B0A106}.Release|Any CPU.ActiveCfg = Release|Any CPU
		{ACABD661-0FA9-4F50-A39D-CD2095B0A106}.Release|Any CPU.Build.0 = Release|Any CPU
		{C4B78D24-D3C4-49ED-98BE-C669E5BB91DF}.Debug|Any CPU.ActiveCfg = Debug|Any CPU
		{C4B78D24-D3C4-49ED-98BE-C669E5BB91DF}.Debug|Any CPU.Build.0 = Debug|Any CPU
		{C4B78D24-D3C4-49ED-98BE-C669E5BB91DF}.Release|Any CPU.ActiveCfg = Release|Any CPU
		{C4B78D24-D3C4-49ED-98BE-C669E5BB91DF}.Release|Any CPU.Build.0 = Release|Any CPU
		{8CA67105-F107-4754-9DE9-04AD3AF34BD2}.Debug|Any CPU.ActiveCfg = Debug|Any CPU
		{8CA67105-F107-4754-9DE9-04AD3AF34BD2}.Debug|Any CPU.Build.0 = Debug|Any CPU
		{8CA67105-F107-4754-9DE9-04AD3AF34BD2}.Release|Any CPU.ActiveCfg = Release|Any CPU
		{8CA67105-F107-4754-9DE9-04AD3AF34BD2}.Release|Any CPU.Build.0 = Release|Any CPU
	EndGlobalSection
	GlobalSection(SolutionProperties) = preSolution
		HideSolutionNode = FALSE
	EndGlobalSection
	GlobalSection(ExtensibilityGlobals) = postSolution
		SolutionGuid = {3F4A2651-DD97-4E81-9F5A-60D6050FFABD}
	EndGlobalSection
EndGlobal
